// !$*UTF8*$!
{
	archiveVersion = 1;
	classes = {
	};
	objectVersion = 50;
	objects = {

/* Begin PBXBuildFile section */
		DE6C80CE23CFD11100DEBF80 /* AppDelegate.swift in Sources */ = {isa = PBXBuildFile; fileRef = DE6C80CD23CFD11100DEBF80 /* AppDelegate.swift */; };
		DE6C80D023CFD11100DEBF80 /* SceneDelegate.swift in Sources */ = {isa = PBXBuildFile; fileRef = DE6C80CF23CFD11100DEBF80 /* SceneDelegate.swift */; };
		DE6C80D223CFD11100DEBF80 /* ViewController.swift in Sources */ = {isa = PBXBuildFile; fileRef = DE6C80D123CFD11100DEBF80 /* ViewController.swift */; };
		DE6C80D523CFD11100DEBF80 /* Main.storyboard in Resources */ = {isa = PBXBuildFile; fileRef = DE6C80D323CFD11100DEBF80 /* Main.storyboard */; };
		DE6C80D723CFD11500DEBF80 /* Assets.xcassets in Resources */ = {isa = PBXBuildFile; fileRef = DE6C80D623CFD11500DEBF80 /* Assets.xcassets */; };
		DE6C80DA23CFD11500DEBF80 /* LaunchScreen.storyboard in Resources */ = {isa = PBXBuildFile; fileRef = DE6C80D823CFD11500DEBF80 /* LaunchScreen.storyboard */; };
/* End PBXBuildFile section */

/* Begin PBXFileReference section */
		DE6C80CA23CFD11100DEBF80 /* JsonFileViewerApp.app */ = {isa = PBXFileReference; explicitFileType = wrapper.application; includeInIndex = 0; path = JsonFileViewerApp.app; sourceTree = BUILT_PRODUCTS_DIR; };
		DE6C80CD23CFD11100DEBF80 /* AppDelegate.swift */ = {isa = PBXFileReference; lastKnownFileType = sourcecode.swift; path = AppDelegate.swift; sourceTree = "<group>"; };
		DE6C80CF23CFD11100DEBF80 /* SceneDelegate.swift */ = {isa = PBXFileReference; lastKnownFileType = sourcecode.swift; path = SceneDelegate.swift; sourceTree = "<group>"; };
		DE6C80D123CFD11100DEBF80 /* ViewController.swift */ = {isa = PBXFileReference; lastKnownFileType = sourcecode.swift; path = ViewController.swift; sourceTree = "<group>"; };
		DE6C80D423CFD11100DEBF80 /* Base */ = {isa = PBXFileReference; lastKnownFileType = file.storyboard; name = Base; path = Base.lproj/Main.storyboard; sourceTree = "<group>"; };
		DE6C80D623CFD11500DEBF80 /* Assets.xcassets */ = {isa = PBXFileReference; lastKnownFileType = folder.assetcatalog; path = Assets.xcassets; sourceTree = "<group>"; };
		DE6C80D923CFD11500DEBF80 /* Base */ = {isa = PBXFileReference; lastKnownFileType = file.storyboard; name = Base; path = Base.lproj/LaunchScreen.storyboard; sourceTree = "<group>"; };
		DE6C80DB23CFD11500DEBF80 /* Info.plist */ = {isa = PBXFileReference; lastKnownFileType = text.plist.xml; path = Info.plist; sourceTree = "<group>"; };
/* End PBXFileReference section */

/* Begin PBXFrameworksBuildPhase section */
		DE6C80C723CFD11100DEBF80 /* Frameworks */ = {
			isa = PBXFrameworksBuildPhase;
			buildActionMask = 2147483647;
			files = (
			);
			runOnlyForDeploymentPostprocessing = 0;
		};
/* End PBXFrameworksBuildPhase section */

/* Begin PBXGroup section */
		DE6C80C123CFD11100DEBF80 = {
			isa = PBXGroup;
			children = (
				DE6C80CC23CFD11100DEBF80 /* JsonFileViewerApp */,
				DE6C80CB23CFD11100DEBF80 /* Products */,
			);
			sourceTree = "<group>";
		};
		DE6C80CB23CFD11100DEBF80 /* Products */ = {
			isa = PBXGroup;
			children = (
				DE6C80CA23CFD11100DEBF80 /* JsonFileViewerApp.app */,
			);
			name = Products;
			sourceTree = "<group>";
		};
		DE6C80CC23CFD11100DEBF80 /* JsonFileViewerApp */ = {
			isa = PBXGroup;
			children = (
				DE6C80CD23CFD11100DEBF80 /* AppDelegate.swift */,
				DE6C80CF23CFD11100DEBF80 /* SceneDelegate.swift */,
				DE6C80D123CFD11100DEBF80 /* ViewController.swift */,
				DE6C80D323CFD11100DEBF80 /* Main.storyboard */,
				DE6C80D623CFD11500DEBF80 /* Assets.xcassets */,
				DE6C80D823CFD11500DEBF80 /* LaunchScreen.storyboard */,
				DE6C80DB23CFD11500DEBF80 /* Info.plist */,
			);
			path = JsonFileViewerApp;
			sourceTree = "<group>";
		};
/* End PBXGroup section */

/* Begin PBXNativeTarget section */
		DE6C80C923CFD11100DEBF80 /* JsonFileViewerApp */ = {
			isa = PBXNativeTarget;
			buildConfigurationList = DE6C80DE23CFD11500DEBF80 /* Build configuration list for PBXNativeTarget "JsonFileViewerApp" */;
			buildPhases = (
				DE6C80C623CFD11100DEBF80 /* Sources */,
				DE6C80C723CFD11100DEBF80 /* Frameworks */,
				DE6C80C823CFD11100DEBF80 /* Resources */,
			);
			buildRules = (
			);
			dependencies = (
			);
			name = JsonFileViewerApp;
			productName = JsonFileViewerApp;
			productReference = DE6C80CA23CFD11100DEBF80 /* JsonFileViewerApp.app */;
			productType = "com.apple.product-type.application";
		};
/* End PBXNativeTarget section */

/* Begin PBXProject section */
		DE6C80C223CFD11100DEBF80 /* Project object */ = {
			isa = PBXProject;
			attributes = {
				LastSwiftUpdateCheck = 1130;
				LastUpgradeCheck = 1130;
				ORGANIZATIONNAME = ErkanVolkan;
				TargetAttributes = {
					DE6C80C923CFD11100DEBF80 = {
						CreatedOnToolsVersion = 11.3;
					};
				};
			};
			buildConfigurationList = DE6C80C523CFD11100DEBF80 /* Build configuration list for PBXProject "JsonFileViewerApp" */;
			compatibilityVersion = "Xcode 9.3";
			developmentRegion = en;
			hasScannedForEncodings = 0;
			knownRegions = (
				en,
				Base,
			);
			mainGroup = DE6C80C123CFD11100DEBF80;
			productRefGroup = DE6C80CB23CFD11100DEBF80 /* Products */;
			projectDirPath = "";
			projectRoot = "";
			targets = (
				DE6C80C923CFD11100DEBF80 /* JsonFileViewerApp */,
			);
		};
/* End PBXProject section */

/* Begin PBXResourcesBuildPhase section */
		DE6C80C823CFD11100DEBF80 /* Resources */ = {
			isa = PBXResourcesBuildPhase;
			buildActionMask = 2147483647;
			files = (
				DE6C80DA23CFD11500DEBF80 /* LaunchScreen.storyboard in Resources */,
				DE6C80D723CFD11500DEBF80 /* Assets.xcassets in Resources */,
				DE6C80D523CFD11100DEBF80 /* Main.storyboard in Resources */,
			);
			runOnlyForDeploymentPostprocessing = 0;
		};
/* End PBXResourcesBuildPhase section */

/* Begin PBXSourcesBuildPhase section */
		DE6C80C623CFD11100DEBF80 /* Sources */ = {
			isa = PBXSourcesBuildPhase;
			buildActionMask = 2147483647;
			files = (
				DE6C80D223CFD11100DEBF80 /* ViewController.swift in Sources */,
				DE6C80CE23CFD11100DEBF80 /* AppDelegate.swift in Sources */,
				DE6C80D023CFD11100DEBF80 /* SceneDelegate.swift in Sources */,
			);
			runOnlyForDeploymentPostprocessing = 0;
		};
/* End PBXSourcesBuildPhase section */

/* Begin PBXVariantGroup section */
		DE6C80D323CFD11100DEBF80 /* Main.storyboard */ = {
			isa = PBXVariantGroup;
			children = (
				DE6C80D423CFD11100DEBF80 /* Base */,
			);
			name = Main.storyboard;
			sourceTree = "<group>";
		};
		DE6C80D823CFD11500DEBF80 /* LaunchScreen.storyboard */ = {
			isa = PBXVariantGroup;
			children = (
				DE6C80D923CFD11500DEBF80 /* Base */,
			);
			name = LaunchScreen.storyboard;
			sourceTree = "<group>";
		};
/* End PBXVariantGroup section */

/* Begin XCBuildConfiguration section */
		DE6C80DC23CFD11500DEBF80 /* Debug */ = {
			isa = XCBuildConfiguration;
			buildSettings = {
				ALWAYS_SEARCH_USER_PATHS = NO;
				CLANG_ANALYZER_NONNULL = YES;
				CLANG_ANALYZER_NUMBER_OBJECT_CONVERSION = YES_AGGRESSIVE;
				CLANG_CXX_LANGUAGE_STANDARD = "gnu++14";
				CLANG_CXX_LIBRARY = "libc++";
				CLANG_ENABLE_MODULES = YES;
				CLANG_ENABLE_OBJC_ARC = YES;
				CLANG_ENABLE_OBJC_WEAK = YES;
				CLANG_WARN_BLOCK_CAPTURE_AUTORELEASING = YES;
				CLANG_WARN_BOOL_CONVERSION = YES;
				CLANG_WARN_COMMA = YES;
				CLANG_WARN_CONSTANT_CONVERSION = YES;
				CLANG_WARN_DEPRECATED_OBJC_IMPLEMENTATIONS = YES;
				CLANG_WARN_DIRECT_OBJC_ISA_USAGE = YES_ERROR;
				CLANG_WARN_DOCUMENTATION_COMMENTS = YES;
				CLANG_WARN_EMPTY_BODY = YES;
				CLANG_WARN_ENUM_CONVERSION = YES;
				CLANG_WARN_INFINITE_RECURSION = YES;
				CLANG_WARN_INT_CONVERSION = YES;
				CLANG_WARN_NON_LITERAL_NULL_CONVERSION = YES;
				CLANG_WARN_OBJC_IMPLICIT_RETAIN_SELF = YES;
				CLANG_WARN_OBJC_LITERAL_CONVERSION = YES;
				CLANG_WARN_OBJC_ROOT_CLASS = YES_ERROR;
				CLANG_WARN_RANGE_LOOP_ANALYSIS = YES;
				CLANG_WARN_STRICT_PROTOTYPES = YES;
				CLANG_WARN_SUSPICIOUS_MOVE = YES;
				CLANG_WARN_UNGUARDED_AVAILABILITY = YES_AGGRESSIVE;
				CLANG_WARN_UNREACHABLE_CODE = YES;
				CLANG_WARN__DUPLICATE_METHOD_MATCH = YES;
				COPY_PHASE_STRIP = NO;
				DEBUG_INFORMATION_FORMAT = dwarf;
				ENABLE_STRICT_OBJC_MSGSEND = YES;
				ENABLE_TESTABILITY = YES;
				GCC_C_LANGUAGE_STANDARD = gnu11;
				GCC_DYNAMIC_NO_PIC = NO;
				GCC_NO_COMMON_BLOCKS = YES;
				GCC_OPTIMIZATION_LEVEL = 0;
				GCC_PREPROCESSOR_DEFINITIONS = (
					"DEBUG=1",
					"$(inherited)",
				);
				GCC_WARN_64_TO_32_BIT_CONVERSION = YES;
				GCC_WARN_ABOUT_RETURN_TYPE = YES_ERROR;
				GCC_WARN_UNDECLARED_SELECTOR = YES;
				GCC_WARN_UNINITIALIZED_AUTOS = YES_AGGRESSIVE;
				GCC_WARN_UNUSED_FUNCTION = YES;
				GCC_WARN_UNUSED_VARIABLE = YES;
				IPHONEOS_DEPLOYMENT_TARGET = 13.2;
				MTL_ENABLE_DEBUG_INFO = INCLUDE_SOURCE;
				MTL_FAST_MATH = YES;
				ONLY_ACTIVE_ARCH = YES;
				SDKROOT = iphoneos;
				SWIFT_ACTIVE_COMPILATION_CONDITIONS = DEBUG;
				SWIFT_OPTIMIZATION_LEVEL = "-Onone";
			};
			name = Debug;
		};
		DE6C80DD23CFD11500DEBF80 /* Release */ = {
			isa = XCBuildConfiguration;
			buildSettings = {
				ALWAYS_SEARCH_USER_PATHS = NO;
				CLANG_ANALYZER_NONNULL = YES;
				CLANG_ANALYZER_NUMBER_OBJECT_CONVERSION = YES_AGGRESSIVE;
				CLANG_CXX_LANGUAGE_STANDARD = "gnu++14";
				CLANG_CXX_LIBRARY = "libc++";
				CLANG_ENABLE_MODULES = YES;
				CLANG_ENABLE_OBJC_ARC = YES;
				CLANG_ENABLE_OBJC_WEAK = YES;
				CLANG_WARN_BLOCK_CAPTURE_AUTORELEASING = YES;
				CLANG_WARN_BOOL_CONVERSION = YES;
				CLANG_WARN_COMMA = YES;
				CLANG_WARN_CONSTANT_CONVERSION = YES;
				CLANG_WARN_DEPRECATED_OBJC_IMPLEMENTATIONS = YES;
				CLANG_WARN_DIRECT_OBJC_ISA_USAGE = YES_ERROR;
				CLANG_WARN_DOCUMENTATION_COMMENTS = YES;
				CLANG_WARN_EMPTY_BODY = YES;
				CLANG_WARN_ENUM_CONVERSION = YES;
				CLANG_WARN_INFINITE_RECURSION = YES;
				CLANG_WARN_INT_CONVERSION = YES;
				CLANG_WARN_NON_LITERAL_NULL_CONVERSION = YES;
				CLANG_WARN_OBJC_IMPLICIT_RETAIN_SELF = YES;
				CLANG_WARN_OBJC_LITERAL_CONVERSION = YES;
				CLANG_WARN_OBJC_ROOT_CLASS = YES_ERROR;
				CLANG_WARN_RANGE_LOOP_ANALYSIS = YES;
				CLANG_WARN_STRICT_PROTOTYPES = YES;
				CLANG_WARN_SUSPICIOUS_MOVE = YES;
				CLANG_WARN_UNGUARDED_AVAILABILITY = YES_AGGRESSIVE;
				CLANG_WARN_UNREACHABLE_CODE = YES;
				CLANG_WARN__DUPLICATE_METHOD_MATCH = YES;
				COPY_PHASE_STRIP = NO;
				DEBUG_INFORMATION_FORMAT = "dwarf-with-dsym";
				ENABLE_NS_ASSERTIONS = NO;
				ENABLE_STRICT_OBJC_MSGSEND = YES;
				GCC_C_LANGUAGE_STANDARD = gnu11;
				GCC_NO_COMMON_BLOCKS = YES;
				GCC_WARN_64_TO_32_BIT_CONVERSION = YES;
				GCC_WARN_ABOUT_RETURN_TYPE = YES_ERROR;
				GCC_WARN_UNDECLARED_SELECTOR = YES;
				GCC_WARN_UNINITIALIZED_AUTOS = YES_AGGRESSIVE;
				GCC_WARN_UNUSED_FUNCTION = YES;
				GCC_WARN_UNUSED_VARIABLE = YES;
				IPHONEOS_DEPLOYMENT_TARGET = 13.2;
				MTL_ENABLE_DEBUG_INFO = NO;
				MTL_FAST_MATH = YES;
				SDKROOT = iphoneos;
				SWIFT_COMPILATION_MODE = wholemodule;
				SWIFT_OPTIMIZATION_LEVEL = "-O";
				VALIDATE_PRODUCT = YES;
			};
			name = Release;
		};
		DE6C80DF23CFD11500DEBF80 /* Debug */ = {
			isa = XCBuildConfiguration;
			buildSettings = {
				ASSETCATALOG_COMPILER_APPICON_NAME = AppIcon;
				CODE_SIGN_STYLE = Automatic;
				DEVELOPMENT_TEAM = 5C354SG742;
				INFOPLIST_FILE = JsonFileViewerApp/Info.plist;
				LD_RUNPATH_SEARCH_PATHS = (
					"$(inherited)",
					"@executable_path/Frameworks",
				);
				PRODUCT_BUNDLE_IDENTIFIER = com.erkanvolkan.JsonFileViewerApp;
				PRODUCT_NAME = "$(TARGET_NAME)";
				SWIFT_VERSION = 5.0;
				TARGETED_DEVICE_FAMILY = "1,2";
			};
			name = Debug;
		};
		DE6C80E023CFD11500DEBF80 /* Release */ = {
			isa = XCBuildConfiguration;
			buildSettings = {
				ASSETCATALOG_COMPILER_APPICON_NAME = AppIcon;
				CODE_SIGN_STYLE = Automatic;
				DEVELOPMENT_TEAM = 5C354SG742;
				INFOPLIST_FILE = JsonFileViewerApp/Info.plist;
				LD_RUNPATH_SEARCH_PATHS = (
					"$(inherited)",
					"@executable_path/Frameworks",
				);
				PRODUCT_BUNDLE_IDENTIFIER = com.erkanvolkan.JsonFileViewerApp;
				PRODUCT_NAME = "$(TARGET_NAME)";
				SWIFT_VERSION = 5.0;
				TARGETED_DEVICE_FAMILY = "1,2";
			};
			name = Release;
		};
/* End XCBuildConfiguration section */

/* Begin XCConfigurationList section */
		DE6C80C523CFD11100DEBF80 /* Build configuration list for PBXProject "JsonFileViewerApp" */ = {
			isa = XCConfigurationList;
			buildConfigurations = (
				DE6C80DC23CFD11500DEBF80 /* Debug */,
				DE6C80DD23CFD11500DEBF80 /* Release */,
			);
			defaultConfigurationIsVisible = 0;
			defaultConfigurationName = Release;
		};
		DE6C80DE23CFD11500DEBF80 /* Build configuration list for PBXNativeTarget "JsonFileViewerApp" */ = {
			isa = XCConfigurationList;
			buildConfigurations = (
				DE6C80DF23CFD11500DEBF80 /* Debug */,
				DE6C80E023CFD11500DEBF80 /* Release */,
			);
			defaultConfigurationIsVisible = 0;
			defaultConfigurationName = Release;
		};
/* End XCConfigurationList section */
	};
	rootObject = DE6C80C223CFD11100DEBF80 /* Project object */;
}
